
Microsoft Visual Studio Solution File, Format Version 12.00
# Visual Studio 2013
VisualStudioVersion = 12.0.30501.0
MinimumVisualStudioVersion = 10.0.40219.1
Project("{FAE04EC0-301F-11D3-BF4B-00C04F79EFBC}") = "GC_Project_Recipes", "GC_Project_Recipes\GC_Project_Recipes.csproj", "{AED0023B-FA20-4EAF-9100-1F583194AC6F}"
EndProject
Global
	GlobalSection(SolutionConfigurationPlatforms) = preSolution
		Debug|Any CPU = Debug|Any CPU
		Release|Any CPU = Release|Any CPU
	EndGlobalSection
	GlobalSection(ProjectConfigurationPlatforms) = postSolution
		{AED0023B-FA20-4EAF-9100-1F583194AC6F}.Debug|Any CPU.ActiveCfg = Debug|Any CPU
		{AED0023B-FA20-4EAF-9100-1F583194AC6F}.Debug|Any CPU.Build.0 = Debug|Any CPU
		{AED0023B-FA20-4EAF-9100-1F583194AC6F}.Release|Any CPU.ActiveCfg = Release|Any CPU
		{AED0023B-FA20-4EAF-9100-1F583194AC6F}.Release|Any CPU.Build.0 = Release|Any CPU
	EndGlobalSection
	GlobalSection(SolutionProperties) = preSolution
		HideSolutionNode = FALSE
	EndGlobalSection
EndGlobal
